{
  "requires": true,
  "lockfileVersion": 1,
  "dependencies": {
    "gsap": {
      "version": "2.1.0",
      "resolved": "https://registry.npmjs.org/gsap/-/gsap-2.1.0.tgz",
      "integrity": "sha512-InFn9MNrXwJF6C8MQ4jMFPlkyZX04Y1eBeOvbuYYIjPCfkHKGzl8ZQkvWm4ShlpchQ8VIi4nN/nnjs50o4nklQ=="
    }
  }
}
